
Microsoft Visual Studio Solution File, Format Version 12.00
# Visual Studio Version 16
VisualStudioVersion = 16.0.31702.278
MinimumVisualStudioVersion = 10.0.40219.1
Project("{FAE04EC0-301F-11D3-BF4B-00C04F79EFBC}") = "LAB3", "LAB3\LAB3.csproj", "{FAAA22D6-577D-4AEC-AE3C-37C94EC6D0F9}"
EndProject
Global
	GlobalSection(SolutionConfigurationPlatforms) = preSolution
		Debug|Any CPU = Debug|Any CPU
		Release|Any CPU = Release|Any CPU
	EndGlobalSection
	GlobalSection(ProjectConfigurationPlatforms) = postSolution
		{FAAA22D6-577D-4AEC-AE3C-37C94EC6D0F9}.Debug|Any CPU.ActiveCfg = Debug|Any CPU
		{FAAA22D6-577D-4AEC-AE3C-37C94EC6D0F9}.Debug|Any CPU.Build.0 = Debug|Any CPU
		{FAAA22D6-577D-4AEC-AE3C-37C94EC6D0F9}.Release|Any CPU.ActiveCfg = Release|Any CPU
		{FAAA22D6-577D-4AEC-AE3C-37C94EC6D0F9}.Release|Any CPU.Build.0 = Release|Any CPU
	EndGlobalSection
	GlobalSection(SolutionProperties) = preSolution
		HideSolutionNode = FALSE
	EndGlobalSection
	GlobalSection(ExtensibilityGlobals) = postSolution
		SolutionGuid = {757C75D0-EF4B-4275-9D64-A6C30D0C8A24}
	EndGlobalSection
EndGlobal
